
Microsoft Visual Studio Solution File, Format Version 12.00
# Visual Studio Version 16
VisualStudioVersion = 16.0.30204.135
MinimumVisualStudioVersion = 10.0.40219.1
Project("{9A19103F-16F7-4668-BE54-9A1E7A4F7556}") = "MvcMovie", "MvcMovie.csproj", "{62F0341F-8FBA-4222-AC63-B09CC54E0172}"
EndProject
Global
	GlobalSection(SolutionConfigurationPlatforms) = preSolution
		Debug|Any CPU = Debug|Any CPU
		Release|Any CPU = Release|Any CPU
	EndGlobalSection
	GlobalSection(ProjectConfigurationPlatforms) = postSolution
		{62F0341F-8FBA-4222-AC63-B09CC54E0172}.Debug|Any CPU.ActiveCfg = Debug|Any CPU
		{62F0341F-8FBA-4222-AC63-B09CC54E0172}.Debug|Any CPU.Build.0 = Debug|Any CPU
		{62F0341F-8FBA-4222-AC63-B09CC54E0172}.Release|Any CPU.ActiveCfg = Release|Any CPU
		{62F0341F-8FBA-4222-AC63-B09CC54E0172}.Release|Any CPU.Build.0 = Release|Any CPU
	EndGlobalSection
	GlobalSection(SolutionProperties) = preSolution
		HideSolutionNode = FALSE
	EndGlobalSection
	GlobalSection(ExtensibilityGlobals) = postSolution
		SolutionGuid = {FFA8FC1C-96EE-4122-8B57-7B473CE6E5C8}
	EndGlobalSection
EndGlobal
